
Microsoft Visual Studio Solution File, Format Version 12.00
# Visual Studio Version 16
VisualStudioVersion = 16.0.31515.178
MinimumVisualStudioVersion = 10.0.40219.1
Project("{9A19103F-16F7-4668-BE54-9A1E7A4F7556}") = "Raylib-cs", "Raylib-cs\Raylib-cs.csproj", "{E9B61395-C56C-42FE-B775-3A0BDEE21369}"
EndProject
Project("{9A19103F-16F7-4668-BE54-9A1E7A4F7556}") = "SubrightUILib", "SubrightUILib\SubrightUILib.csproj", "{32A30C5B-2F8F-44ED-A3C4-07FF437B92C4}"
EndProject
Project("{9A19103F-16F7-4668-BE54-9A1E7A4F7556}") = "Game", "Game\Game.csproj", "{721C9508-F87D-448E-92DB-445376C4E172}"
EndProject
Project("{9A19103F-16F7-4668-BE54-9A1E7A4F7556}") = "SubrightEngine2", "SubrightEngine2\SubrightEngine2.csproj", "{DAEDEEC6-23AD-4BD6-A50F-F6C55C5E6881}"
EndProject
Project("{9A19103F-16F7-4668-BE54-9A1E7A4F7556}") = "SubrightTilemapCreator", "SubrightTilemapCreator\SubrightTilemapCreator.csproj", "{EFEC43FF-D3DB-4F34-B3FA-600E67C05EE2}"
EndProject
Project("{9A19103F-16F7-4668-BE54-9A1E7A4F7556}") = "SubrightEditor", "SubrightEditor\SubrightEditor.csproj", "{EC48F144-6693-42AE-A32F-82CF1C2FCF33}"
EndProject
Project("{FAE04EC0-301F-11D3-BF4B-00C04F79EFBC}") = "SubrightUITest", "SubrightUITest\SubrightUITest.csproj", "{EE17BEFC-8594-4510-BA80-39E9CCC0F630}"
EndProject
Global
	GlobalSection(SolutionConfigurationPlatforms) = preSolution
		Debug|Any CPU = Debug|Any CPU
		Debug|ARM = Debug|ARM
		Debug|ARM64 = Debug|ARM64
		Debug|x64 = Debug|x64
		Debug|x86 = Debug|x86
		Release|Any CPU = Release|Any CPU
		Release|ARM = Release|ARM
		Release|ARM64 = Release|ARM64
		Release|x64 = Release|x64
		Release|x86 = Release|x86
	EndGlobalSection
	GlobalSection(ProjectConfigurationPlatforms) = postSolution
		{E9B61395-C56C-42FE-B775-3A0BDEE21369}.Debug|Any CPU.ActiveCfg = Debug|Any CPU
		{E9B61395-C56C-42FE-B775-3A0BDEE21369}.Debug|Any CPU.Build.0 = Debug|Any CPU
		{E9B61395-C56C-42FE-B775-3A0BDEE21369}.Debug|Any CPU.Deploy.0 = Debug|Any CPU
		{E9B61395-C56C-42FE-B775-3A0BDEE21369}.Debug|ARM.ActiveCfg = Debug|Any CPU
		{E9B61395-C56C-42FE-B775-3A0BDEE21369}.Debug|ARM.Build.0 = Debug|Any CPU
		{E9B61395-C56C-42FE-B775-3A0BDEE21369}.Debug|ARM64.ActiveCfg = Debug|Any CPU
		{E9B61395-C56C-42FE-B775-3A0BDEE21369}.Debug|ARM64.Build.0 = Debug|Any CPU
		{E9B61395-C56C-42FE-B775-3A0BDEE21369}.Debug|x64.ActiveCfg = Debug|Any CPU
		{E9B61395-C56C-42FE-B775-3A0BDEE21369}.Debug|x64.Build.0 = Debug|Any CPU
		{E9B61395-C56C-42FE-B775-3A0BDEE21369}.Debug|x86.ActiveCfg = Debug|Any CPU
		{E9B61395-C56C-42FE-B775-3A0BDEE21369}.Debug|x86.Build.0 = Debug|Any CPU
		{E9B61395-C56C-42FE-B775-3A0BDEE21369}.Release|Any CPU.ActiveCfg = Release|Any CPU
		{E9B61395-C56C-42FE-B775-3A0BDEE21369}.Release|Any CPU.Build.0 = Release|Any CPU
		{E9B61395-C56C-42FE-B775-3A0BDEE21369}.Release|ARM.ActiveCfg = Release|Any CPU
		{E9B61395-C56C-42FE-B775-3A0BDEE21369}.Release|ARM.Build.0 = Release|Any CPU
		{E9B61395-C56C-42FE-B775-3A0BDEE21369}.Release|ARM64.ActiveCfg = Release|Any CPU
		{E9B61395-C56C-42FE-B775-3A0BDEE21369}.Release|ARM64.Build.0 = Release|Any CPU
		{E9B61395-C56C-42FE-B775-3A0BDEE21369}.Release|x64.ActiveCfg = Release|Any CPU
		{E9B61395-C56C-42FE-B775-3A0BDEE21369}.Release|x64.Build.0 = Release|Any CPU
		{E9B61395-C56C-42FE-B775-3A0BDEE21369}.Release|x86.ActiveCfg = Release|Any CPU
		{E9B61395-C56C-42FE-B775-3A0BDEE21369}.Release|x86.Build.0 = Release|Any CPU
		{32A30C5B-2F8F-44ED-A3C4-07FF437B92C4}.Debug|Any CPU.ActiveCfg = Debug|Any CPU
		{32A30C5B-2F8F-44ED-A3C4-07FF437B92C4}.Debug|Any CPU.Build.0 = Debug|Any CPU
		{32A30C5B-2F8F-44ED-A3C4-07FF437B92C4}.Debug|ARM.ActiveCfg = Debug|Any CPU
		{32A30C5B-2F8F-44ED-A3C4-07FF437B92C4}.Debug|ARM.Build.0 = Debug|Any CPU
		{32A30C5B-2F8F-44ED-A3C4-07FF437B92C4}.Debug|ARM64.ActiveCfg = Debug|Any CPU
		{32A30C5B-2F8F-44ED-A3C4-07FF437B92C4}.Debug|ARM64.Build.0 = Debug|Any CPU
		{32A30C5B-2F8F-44ED-A3C4-07FF437B92C4}.Debug|x64.ActiveCfg = Debug|Any CPU
		{32A30C5B-2F8F-44ED-A3C4-07FF437B92C4}.Debug|x64.Build.0 = Debug|Any CPU
		{32A30C5B-2F8F-44ED-A3C4-07FF437B92C4}.Debug|x86.ActiveCfg = Debug|Any CPU
		{32A30C5B-2F8F-44ED-A3C4-07FF437B92C4}.Debug|x86.Build.0 = Debug|Any CPU
		{32A30C5B-2F8F-44ED-A3C4-07FF437B92C4}.Release|Any CPU.ActiveCfg = Release|Any CPU
		{32A30C5B-2F8F-44ED-A3C4-07FF437B92C4}.Release|Any CPU.Build.0 = Release|Any CPU
		{32A30C5B-2F8F-44ED-A3C4-07FF437B92C4}.Release|ARM.ActiveCfg = Release|Any CPU
		{32A30C5B-2F8F-44ED-A3C4-07FF437B92C4}.Release|ARM.Build.0 = Release|Any CPU
		{32A30C5B-2F8F-44ED-A3C4-07FF437B92C4}.Release|ARM64.ActiveCfg = Release|Any CPU
		{32A30C5B-2F8F-44ED-A3C4-07FF437B92C4}.Release|ARM64.Build.0 = Release|Any CPU
		{32A30C5B-2F8F-44ED-A3C4-07FF437B92C4}.Release|x64.ActiveCfg = Release|Any CPU
		{32A30C5B-2F8F-44ED-A3C4-07FF437B92C4}.Release|x64.Build.0 = Release|Any CPU
		{32A30C5B-2F8F-44ED-A3C4-07FF437B92C4}.Release|x86.ActiveCfg = Release|Any CPU
		{32A30C5B-2F8F-44ED-A3C4-07FF437B92C4}.Release|x86.Build.0 = Release|Any CPU
		{721C9508-F87D-448E-92DB-445376C4E172}.Debug|Any CPU.ActiveCfg = Debug|Any CPU
		{721C9508-F87D-448E-92DB-445376C4E172}.Debug|Any CPU.Build.0 = Debug|Any CPU
		{721C9508-F87D-448E-92DB-445376C4E172}.Debug|ARM.ActiveCfg = Debug|Any CPU
		{721C9508-F87D-448E-92DB-445376C4E172}.Debug|ARM.Build.0 = Debug|Any CPU
		{721C9508-F87D-448E-92DB-445376C4E172}.Debug|ARM64.ActiveCfg = Debug|Any CPU
		{721C9508-F87D-448E-92DB-445376C4E172}.Debug|ARM64.Build.0 = Debug|Any CPU
		{721C9508-F87D-448E-92DB-445376C4E172}.Debug|x64.ActiveCfg = Debug|Any CPU
		{721C9508-F87D-448E-92DB-445376C4E172}.Debug|x64.Build.0 = Debug|Any CPU
		{721C9508-F87D-448E-92DB-445376C4E172}.Debug|x86.ActiveCfg = Debug|Any CPU
		{721C9508-F87D-448E-92DB-445376C4E172}.Debug|x86.Build.0 = Debug|Any CPU
		{721C9508-F87D-448E-92DB-445376C4E172}.Release|Any CPU.ActiveCfg = Release|Any CPU
		{721C9508-F87D-448E-92DB-445376C4E172}.Release|Any CPU.Build.0 = Release|Any CPU
		{721C9508-F87D-448E-92DB-445376C4E172}.Release|ARM.ActiveCfg = Release|Any CPU
		{721C9508-F87D-448E-92DB-445376C4E172}.Release|ARM.Build.0 = Release|Any CPU
		{721C9508-F87D-448E-92DB-445376C4E172}.Release|ARM64.ActiveCfg = Release|Any CPU
		{721C9508-F87D-448E-92DB-445376C4E172}.Release|ARM64.Build.0 = Release|Any CPU
		{721C9508-F87D-448E-92DB-445376C4E172}.Release|x64.ActiveCfg = Release|Any CPU
		{721C9508-F87D-448E-92DB-445376C4E172}.Release|x64.Build.0 = Release|Any CPU
		{721C9508-F87D-448E-92DB-445376C4E172}.Release|x86.ActiveCfg = Release|Any CPU
		{721C9508-F87D-448E-92DB-445376C4E172}.Release|x86.Build.0 = Release|Any CPU
		{DAEDEEC6-23AD-4BD6-A50F-F6C55C5E6881}.Debug|Any CPU.ActiveCfg = Debug|Any CPU
		{DAEDEEC6-23AD-4BD6-A50F-F6C55C5E6881}.Debug|Any CPU.Build.0 = Debug|Any CPU
		{DAEDEEC6-23AD-4BD6-A50F-F6C55C5E6881}.Debug|ARM.ActiveCfg = Debug|Any CPU
		{DAEDEEC6-23AD-4BD6-A50F-F6C55C5E6881}.Debug|ARM.Build.0 = Debug|Any CPU
		{DAEDEEC6-23AD-4BD6-A50F-F6C55C5E6881}.Debug|ARM64.ActiveCfg = Debug|Any CPU
		{DAEDEEC6-23AD-4BD6-A50F-F6C55C5E6881}.Debug|ARM64.Build.0 = Debug|Any CPU
		{DAEDEEC6-23AD-4BD6-A50F-F6C55C5E6881}.Debug|x64.ActiveCfg = Debug|Any CPU
		{DAEDEEC6-23AD-4BD6-A50F-F6C55C5E6881}.Debug|x64.Build.0 = Debug|Any CPU
		{DAEDEEC6-23AD-4BD6-A50F-F6C55C5E6881}.Debug|x86.ActiveCfg = Debug|Any CPU
		{DAEDEEC6-23AD-4BD6-A50F-F6C55C5E6881}.Debug|x86.Build.0 = Debug|Any CPU
		{DAEDEEC6-23AD-4BD6-A50F-F6C55C5E6881}.Release|Any CPU.ActiveCfg = Release|Any CPU
		{DAEDEEC6-23AD-4BD6-A50F-F6C55C5E6881}.Release|Any CPU.Build.0 = Release|Any CPU
		{DAEDEEC6-23AD-4BD6-A50F-F6C55C5E6881}.Release|ARM.ActiveCfg = Release|Any CPU
		{DAEDEEC6-23AD-4BD6-A50F-F6C55C5E6881}.Release|ARM.Build.0 = Release|Any CPU
		{DAEDEEC6-23AD-4BD6-A50F-F6C55C5E6881}.Release|ARM64.ActiveCfg = Release|Any CPU
		{DAEDEEC6-23AD-4BD6-A50F-F6C55C5E6881}.Release|ARM64.Build.0 = Release|Any CPU
		{DAEDEEC6-23AD-4BD6-A50F-F6C55C5E6881}.Release|x64.ActiveCfg = Release|Any CPU
		{DAEDEEC6-23AD-4BD6-A50F-F6C55C5E6881}.Release|x64.Build.0 = Release|Any CPU
		{DAEDEEC6-23AD-4BD6-A50F-F6C55C5E6881}.Release|x86.ActiveCfg = Release|Any CPU
		{DAEDEEC6-23AD-4BD6-A50F-F6C55C5E6881}.Release|x86.Build.0 = Release|Any CPU
		{EFEC43FF-D3DB-4F34-B3FA-600E67C05EE2}.Debug|Any CPU.ActiveCfg = Debug|Any CPU
		{EFEC43FF-D3DB-4F34-B3FA-600E67C05EE2}.Debug|Any CPU.Build.0 = Debug|Any CPU
		{EFEC43FF-D3DB-4F34-B3FA-600E67C05EE2}.Debug|ARM.ActiveCfg = Debug|Any CPU
		{EFEC43FF-D3DB-4F34-B3FA-600E67C05EE2}.Debug|ARM.Build.0 = Debug|Any CPU
		{EFEC43FF-D3DB-4F34-B3FA-600E67C05EE2}.Debug|ARM64.ActiveCfg = Debug|Any CPU
		{EFEC43FF-D3DB-4F34-B3FA-600E67C05EE2}.Debug|ARM64.Build.0 = Debug|Any CPU
		{EFEC43FF-D3DB-4F34-B3FA-600E67C05EE2}.Debug|x64.ActiveCfg = Debug|Any CPU
		{EFEC43FF-D3DB-4F34-B3FA-600E67C05EE2}.Debug|x64.Build.0 = Debug|Any CPU
		{EFEC43FF-D3DB-4F34-B3FA-600E67C05EE2}.Debug|x86.ActiveCfg = Debug|Any CPU
		{EFEC43FF-D3DB-4F34-B3FA-600E67C05EE2}.Debug|x86.Build.0 = Debug|Any CPU
		{EFEC43FF-D3DB-4F34-B3FA-600E67C05EE2}.Release|Any CPU.ActiveCfg = Release|Any CPU
		{EFEC43FF-D3DB-4F34-B3FA-600E67C05EE2}.Release|Any CPU.Build.0 = Release|Any CPU
		{EFEC43FF-D3DB-4F34-B3FA-600E67C05EE2}.Release|ARM.ActiveCfg = Release|Any CPU
		{EFEC43FF-D3DB-4F34-B3FA-600E67C05EE2}.Release|ARM.Build.0 = Release|Any CPU
		{EFEC43FF-D3DB-4F34-B3FA-600E67C05EE2}.Release|ARM64.ActiveCfg = Release|Any CPU
		{EFEC43FF-D3DB-4F34-B3FA-600E67C05EE2}.Release|ARM64.Build.0 = Release|Any CPU
		{EFEC43FF-D3DB-4F34-B3FA-600E67C05EE2}.Release|x64.ActiveCfg = Release|Any CPU
		{EFEC43FF-D3DB-4F34-B3FA-600E67C05EE2}.Release|x64.Build.0 = Release|Any CPU
		{EFEC43FF-D3DB-4F34-B3FA-600E67C05EE2}.Release|x86.ActiveCfg = Release|Any CPU
		{EFEC43FF-D3DB-4F34-B3FA-600E67C05EE2}.Release|x86.Build.0 = Release|Any CPU
		{EC48F144-6693-42AE-A32F-82CF1C2FCF33}.Debug|Any CPU.ActiveCfg = Debug|Any CPU
		{EC48F144-6693-42AE-A32F-82CF1C2FCF33}.Debug|Any CPU.Build.0 = Debug|Any CPU
		{EC48F144-6693-42AE-A32F-82CF1C2FCF33}.Debug|ARM.ActiveCfg = Debug|Any CPU
		{EC48F144-6693-42AE-A32F-82CF1C2FCF33}.Debug|ARM.Build.0 = Debug|Any CPU
		{EC48F144-6693-42AE-A32F-82CF1C2FCF33}.Debug|ARM64.ActiveCfg = Debug|Any CPU
		{EC48F144-6693-42AE-A32F-82CF1C2FCF33}.Debug|ARM64.Build.0 = Debug|Any CPU
		{EC48F144-6693-42AE-A32F-82CF1C2FCF33}.Debug|x64.ActiveCfg = Debug|Any CPU
		{EC48F144-6693-42AE-A32F-82CF1C2FCF33}.Debug|x64.Build.0 = Debug|Any CPU
		{EC48F144-6693-42AE-A32F-82CF1C2FCF33}.Debug|x86.ActiveCfg = Debug|Any CPU
		{EC48F144-6693-42AE-A32F-82CF1C2FCF33}.Debug|x86.Build.0 = Debug|Any CPU
		{EC48F144-6693-42AE-A32F-82CF1C2FCF33}.Release|Any CPU.ActiveCfg = Release|Any CPU
		{EC48F144-6693-42AE-A32F-82CF1C2FCF33}.Release|Any CPU.Build.0 = Release|Any CPU
		{EC48F144-6693-42AE-A32F-82CF1C2FCF33}.Release|ARM.ActiveCfg = Release|Any CPU
		{EC48F144-6693-42AE-A32F-82CF1C2FCF33}.Release|ARM.Build.0 = Release|Any CPU
		{EC48F144-6693-42AE-A32F-82CF1C2FCF33}.Release|ARM64.ActiveCfg = Release|Any CPU
		{EC48F144-6693-42AE-A32F-82CF1C2FCF33}.Release|ARM64.Build.0 = Release|Any CPU
		{EC48F144-6693-42AE-A32F-82CF1C2FCF33}.Release|x64.ActiveCfg = Release|Any CPU
		{EC48F144-6693-42AE-A32F-82CF1C2FCF33}.Release|x64.Build.0 = Release|Any CPU
		{EC48F144-6693-42AE-A32F-82CF1C2FCF33}.Release|x86.ActiveCfg = Release|Any CPU
		{EC48F144-6693-42AE-A32F-82CF1C2FCF33}.Release|x86.Build.0 = Release|Any CPU
		{EE17BEFC-8594-4510-BA80-39E9CCC0F630}.Debug|Any CPU.ActiveCfg = Debug|Any CPU
		{EE17BEFC-8594-4510-BA80-39E9CCC0F630}.Debug|Any CPU.Build.0 = Debug|Any CPU
		{EE17BEFC-8594-4510-BA80-39E9CCC0F630}.Debug|ARM.ActiveCfg = Debug|Any CPU
		{EE17BEFC-8594-4510-BA80-39E9CCC0F630}.Debug|ARM.Build.0 = Debug|Any CPU
		{EE17BEFC-8594-4510-BA80-39E9CCC0F630}.Debug|ARM64.ActiveCfg = Debug|Any CPU
		{EE17BEFC-8594-4510-BA80-39E9CCC0F630}.Debug|ARM64.Build.0 = Debug|Any CPU
		{EE17BEFC-8594-4510-BA80-39E9CCC0F630}.Debug|x64.ActiveCfg = Debug|Any CPU
		{EE17BEFC-8594-4510-BA80-39E9CCC0F630}.Debug|x64.Build.0 = Debug|Any CPU
		{EE17BEFC-8594-4510-BA80-39E9CCC0F630}.Debug|x86.ActiveCfg = Debug|Any CPU
		{EE17BEFC-8594-4510-BA80-39E9CCC0F630}.Debug|x86.Build.0 = Debug|Any CPU
		{EE17BEFC-8594-4510-BA80-39E9CCC0F630}.Release|Any CPU.ActiveCfg = Release|Any CPU
		{EE17BEFC-8594-4510-BA80-39E9CCC0F630}.Release|Any CPU.Build.0 = Release|Any CPU
		{EE17BEFC-8594-4510-BA80-39E9CCC0F630}.Release|ARM.ActiveCfg = Release|Any CPU
		{EE17BEFC-8594-4510-BA80-39E9CCC0F630}.Release|ARM.Build.0 = Release|Any CPU
		{EE17BEFC-8594-4510-BA80-39E9CCC0F630}.Release|ARM64.ActiveCfg = Release|Any CPU
		{EE17BEFC-8594-4510-BA80-39E9CCC0F630}.Release|ARM64.Build.0 = Release|Any CPU
		{EE17BEFC-8594-4510-BA80-39E9CCC0F630}.Release|x64.ActiveCfg = Release|Any CPU
		{EE17BEFC-8594-4510-BA80-39E9CCC0F630}.Release|x64.Build.0 = Release|Any CPU
		{EE17BEFC-8594-4510-BA80-39E9CCC0F630}.Release|x86.ActiveCfg = Release|Any CPU
		{EE17BEFC-8594-4510-BA80-39E9CCC0F630}.Release|x86.Build.0 = Release|Any CPU
	EndGlobalSection
	GlobalSection(SolutionProperties) = preSolution
		HideSolutionNode = FALSE
	EndGlobalSection
	GlobalSection(ExtensibilityGlobals) = postSolution
		SolutionGuid = {33253003-122E-48A7-B290-3095BE651C01}
	EndGlobalSection
EndGlobal
